
Microsoft Visual Studio Solution File, Format Version 12.00
# Visual Studio Version 16
VisualStudioVersion = 16.0.30523.141
MinimumVisualStudioVersion = 10.0.40219.1
Project("{FAE04EC0-301F-11D3-BF4B-00C04F79EFBC}") = "Calculatrice", "Calculatrice\Calculatrice.csproj", "{CF778F3C-E6E7-48F7-8F88-B5A0C55BF3DA}"
EndProject
Project("{FAE04EC0-301F-11D3-BF4B-00C04F79EFBC}") = "Apllication1", "Apllication1\Apllication1.csproj", "{827ACA4B-AA1B-4BFA-9687-0221C2309429}"
EndProject
Global
	GlobalSection(SolutionConfigurationPlatforms) = preSolution
		Debug|Any CPU = Debug|Any CPU
		Release|Any CPU = Release|Any CPU
	EndGlobalSection
	GlobalSection(ProjectConfigurationPlatforms) = postSolution
		{CF778F3C-E6E7-48F7-8F88-B5A0C55BF3DA}.Debug|Any CPU.ActiveCfg = Debug|Any CPU
		{CF778F3C-E6E7-48F7-8F88-B5A0C55BF3DA}.Debug|Any CPU.Build.0 = Debug|Any CPU
		{CF778F3C-E6E7-48F7-8F88-B5A0C55BF3DA}.Release|Any CPU.ActiveCfg = Release|Any CPU
		{CF778F3C-E6E7-48F7-8F88-B5A0C55BF3DA}.Release|Any CPU.Build.0 = Release|Any CPU
		{827ACA4B-AA1B-4BFA-9687-0221C2309429}.Debug|Any CPU.ActiveCfg = Debug|Any CPU
		{827ACA4B-AA1B-4BFA-9687-0221C2309429}.Debug|Any CPU.Build.0 = Debug|Any CPU
		{827ACA4B-AA1B-4BFA-9687-0221C2309429}.Release|Any CPU.ActiveCfg = Release|Any CPU
		{827ACA4B-AA1B-4BFA-9687-0221C2309429}.Release|Any CPU.Build.0 = Release|Any CPU
	EndGlobalSection
	GlobalSection(SolutionProperties) = preSolution
		HideSolutionNode = FALSE
	EndGlobalSection
	GlobalSection(ExtensibilityGlobals) = postSolution
		SolutionGuid = {4D7B8670-0A34-4FF0-A561-995D85D0AE5D}
	EndGlobalSection
EndGlobal
